
Microsoft Visual Studio Solution File, Format Version 12.00
# Visual Studio Version 17
VisualStudioVersion = 17.9.34728.123
MinimumVisualStudioVersion = 10.0.40219.1
Project("{FAE04EC0-301F-11D3-BF4B-00C04F79EFBC}") = "API_CredentialManager", "API_CredentialManager.csproj", "{83054C1C-6E21-42D4-9B48-40A4A8B120FC}"
EndProject
Global
	GlobalSection(SolutionConfigurationPlatforms) = preSolution
		Debug|Any CPU = Debug|Any CPU
		Release|Any CPU = Release|Any CPU
	EndGlobalSection
	GlobalSection(ProjectConfigurationPlatforms) = postSolution
		{83054C1C-6E21-42D4-9B48-40A4A8B120FC}.Debug|Any CPU.ActiveCfg = Debug|Any CPU
		{83054C1C-6E21-42D4-9B48-40A4A8B120FC}.Debug|Any CPU.Build.0 = Debug|Any CPU
		{83054C1C-6E21-42D4-9B48-40A4A8B120FC}.Release|Any CPU.ActiveCfg = Release|Any CPU
		{83054C1C-6E21-42D4-9B48-40A4A8B120FC}.Release|Any CPU.Build.0 = Release|Any CPU
	EndGlobalSection
	GlobalSection(SolutionProperties) = preSolution
		HideSolutionNode = FALSE
	EndGlobalSection
	GlobalSection(ExtensibilityGlobals) = postSolution
		SolutionGuid = {B588F412-8F62-40E6-BB86-52F41E22F496}
	EndGlobalSection
EndGlobal
